
Microsoft Visual Studio Solution File, Format Version 12.00
# Visual Studio Version 16
VisualStudioVersion = 16.0.31205.134
MinimumVisualStudioVersion = 10.0.40219.1
Project("{9A19103F-16F7-4668-BE54-9A1E7A4F7556}") = "Twitter.Stream.Reader", "Twitter.Stream.Reader\Twitter.Stream.Reader.csproj", "{919D430A-946A-4AE7-B527-59480E3DD541}"
EndProject
Project("{9A19103F-16F7-4668-BE54-9A1E7A4F7556}") = "Twitter.Stream.Reader.Test", "Twitter.Stream.Reader.Test\Twitter.Stream.Reader.Test.csproj", "{24E7C067-8971-43BB-B48B-3EA1254D62E2}"
EndProject
Global
	GlobalSection(SolutionConfigurationPlatforms) = preSolution
		Debug|Any CPU = Debug|Any CPU
		Release|Any CPU = Release|Any CPU
	EndGlobalSection
	GlobalSection(ProjectConfigurationPlatforms) = postSolution
		{919D430A-946A-4AE7-B527-59480E3DD541}.Debug|Any CPU.ActiveCfg = Debug|Any CPU
		{919D430A-946A-4AE7-B527-59480E3DD541}.Debug|Any CPU.Build.0 = Debug|Any CPU
		{919D430A-946A-4AE7-B527-59480E3DD541}.Release|Any CPU.ActiveCfg = Release|Any CPU
		{919D430A-946A-4AE7-B527-59480E3DD541}.Release|Any CPU.Build.0 = Release|Any CPU
		{24E7C067-8971-43BB-B48B-3EA1254D62E2}.Debug|Any CPU.ActiveCfg = Debug|Any CPU
		{24E7C067-8971-43BB-B48B-3EA1254D62E2}.Debug|Any CPU.Build.0 = Debug|Any CPU
		{24E7C067-8971-43BB-B48B-3EA1254D62E2}.Release|Any CPU.ActiveCfg = Release|Any CPU
		{24E7C067-8971-43BB-B48B-3EA1254D62E2}.Release|Any CPU.Build.0 = Release|Any CPU
	EndGlobalSection
	GlobalSection(SolutionProperties) = preSolution
		HideSolutionNode = FALSE
	EndGlobalSection
	GlobalSection(ExtensibilityGlobals) = postSolution
		SolutionGuid = {CB2EF4FC-29E9-4508-83C9-95D2D100DFBC}
	EndGlobalSection
EndGlobal
